
Microsoft Visual Studio Solution File, Format Version 12.00
# Visual Studio 15
VisualStudioVersion = 15.0.28010.2036
MinimumVisualStudioVersion = 10.0.40219.1
Project("{FAE04EC0-301F-11D3-BF4B-00C04F79EFBC}") = "comment_system_01", "comment_system_01\comment_system_01.csproj", "{52991223-2F14-4EB5-ABC8-C2F81E55E995}"
EndProject
Project("{FAE04EC0-301F-11D3-BF4B-00C04F79EFBC}") = "ConsoleApp1", "ConsoleApp1\ConsoleApp1.csproj", "{5DBCB4EE-99B0-4F21-8C57-DF6C612900D2}"
EndProject
Global
	GlobalSection(SolutionConfigurationPlatforms) = preSolution
		Debug|Any CPU = Debug|Any CPU
		Release|Any CPU = Release|Any CPU
	EndGlobalSection
	GlobalSection(ProjectConfigurationPlatforms) = postSolution
		{52991223-2F14-4EB5-ABC8-C2F81E55E995}.Debug|Any CPU.ActiveCfg = Debug|Any CPU
		{52991223-2F14-4EB5-ABC8-C2F81E55E995}.Debug|Any CPU.Build.0 = Debug|Any CPU
		{52991223-2F14-4EB5-ABC8-C2F81E55E995}.Release|Any CPU.ActiveCfg = Release|Any CPU
		{52991223-2F14-4EB5-ABC8-C2F81E55E995}.Release|Any CPU.Build.0 = Release|Any CPU
		{5DBCB4EE-99B0-4F21-8C57-DF6C612900D2}.Debug|Any CPU.ActiveCfg = Debug|Any CPU
		{5DBCB4EE-99B0-4F21-8C57-DF6C612900D2}.Debug|Any CPU.Build.0 = Debug|Any CPU
		{5DBCB4EE-99B0-4F21-8C57-DF6C612900D2}.Release|Any CPU.ActiveCfg = Release|Any CPU
		{5DBCB4EE-99B0-4F21-8C57-DF6C612900D2}.Release|Any CPU.Build.0 = Release|Any CPU
	EndGlobalSection
	GlobalSection(SolutionProperties) = preSolution
		HideSolutionNode = FALSE
	EndGlobalSection
	GlobalSection(ExtensibilityGlobals) = postSolution
		SolutionGuid = {FC105096-F810-4006-9938-357D5747A7D0}
	EndGlobalSection
EndGlobal
